
Microsoft Visual Studio Solution File, Format Version 12.00
# Visual Studio Version 16
VisualStudioVersion = 16.0.30717.126
MinimumVisualStudioVersion = 10.0.40219.1
Project("{FAE04EC0-301F-11D3-BF4B-00C04F79EFBC}") = "VendasWebMvc", "VendasWebMvc\VendasWebMvc.csproj", "{2EBE1C7F-4B46-4504-879D-FBDFDE0AFD5E}"
EndProject
Global
	GlobalSection(SolutionConfigurationPlatforms) = preSolution
		Debug|Any CPU = Debug|Any CPU
		Release|Any CPU = Release|Any CPU
	EndGlobalSection
	GlobalSection(ProjectConfigurationPlatforms) = postSolution
		{2EBE1C7F-4B46-4504-879D-FBDFDE0AFD5E}.Debug|Any CPU.ActiveCfg = Debug|Any CPU
		{2EBE1C7F-4B46-4504-879D-FBDFDE0AFD5E}.Debug|Any CPU.Build.0 = Debug|Any CPU
		{2EBE1C7F-4B46-4504-879D-FBDFDE0AFD5E}.Release|Any CPU.ActiveCfg = Release|Any CPU
		{2EBE1C7F-4B46-4504-879D-FBDFDE0AFD5E}.Release|Any CPU.Build.0 = Release|Any CPU
	EndGlobalSection
	GlobalSection(SolutionProperties) = preSolution
		HideSolutionNode = FALSE
	EndGlobalSection
	GlobalSection(ExtensibilityGlobals) = postSolution
		SolutionGuid = {A584935D-D0B4-4EAD-86CD-E27DB86DC633}
	EndGlobalSection
EndGlobal
